
Microsoft Visual Studio Solution File, Format Version 12.00
# Visual Studio Version 17
VisualStudioVersion = 17.10.35122.118
MinimumVisualStudioVersion = 10.0.40219.1
Project("{FAE04EC0-301F-11D3-BF4B-00C04F79EFBC}") = "Flexpay.ProductCatalog.WebApi", "Flexpay.ProductCatalog.WebApi\Flexpay.ProductCatalog.WebApi.csproj", "{907FB4FE-13AB-4BAA-B251-8D1116C22376}"
EndProject
Project("{2150E333-8FDC-42A3-9474-1A3956D46DE8}") = "Docs", "Docs", "{2038EFC0-E397-4B86-9FA0-EACB1AA1375A}"
	ProjectSection(SolutionItems) = preProject
		README.md = README.md
	EndProjectSection
EndProject
Global
	GlobalSection(SolutionConfigurationPlatforms) = preSolution
		Debug|Any CPU = Debug|Any CPU
		Release|Any CPU = Release|Any CPU
	EndGlobalSection
	GlobalSection(ProjectConfigurationPlatforms) = postSolution
		{907FB4FE-13AB-4BAA-B251-8D1116C22376}.Debug|Any CPU.ActiveCfg = Debug|Any CPU
		{907FB4FE-13AB-4BAA-B251-8D1116C22376}.Debug|Any CPU.Build.0 = Debug|Any CPU
		{907FB4FE-13AB-4BAA-B251-8D1116C22376}.Release|Any CPU.ActiveCfg = Release|Any CPU
		{907FB4FE-13AB-4BAA-B251-8D1116C22376}.Release|Any CPU.Build.0 = Release|Any CPU
	EndGlobalSection
	GlobalSection(SolutionProperties) = preSolution
		HideSolutionNode = FALSE
	EndGlobalSection
	GlobalSection(ExtensibilityGlobals) = postSolution
		SolutionGuid = {30E47544-B3F9-4D7D-B6AF-3624C85A1911}
	EndGlobalSection
EndGlobal
